
Microsoft Visual Studio Solution File, Format Version 12.00
# Visual Studio Version 17
VisualStudioVersion = 17.6.33620.401
MinimumVisualStudioVersion = 10.0.40219.1
Project("{8BC9CEB8-8B4A-11D0-8D11-00A0C91BC942}") = "Engine", "Engine\Engine.vcxproj", "{55AAE055-20C6-4996-AD38-AD5980584374}"
EndProject
Project("{8BC9CEB8-8B4A-11D0-8D11-00A0C91BC942}") = "mod_winrt", "mod_winrt\mod_winrt.vcxproj", "{6E4D9D9C-1744-41CA-AD38-CF236A740009}"
EndProject
Project("{8BC9CEB8-8B4A-11D0-8D11-00A0C91BC942}") = "mod_vulkan", "mod_vulkan\mod_vulkan.vcxproj", "{F1F1A44B-5C15-485E-8940-A60384075502}"
EndProject
Project("{8BC9CEB8-8B4A-11D0-8D11-00A0C91BC942}") = "Universe", "Universe\Universe.vcxproj", "{25BBCC98-CEC8-4EDA-B9AE-FBA489F52952}"
EndProject
Global
	GlobalSection(SolutionConfigurationPlatforms) = preSolution
		Debug|x64 = Debug|x64
		Debug|x86 = Debug|x86
		Release|x64 = Release|x64
		Release|x86 = Release|x86
	EndGlobalSection
	GlobalSection(ProjectConfigurationPlatforms) = postSolution
		{55AAE055-20C6-4996-AD38-AD5980584374}.Debug|x64.ActiveCfg = Debug|x64
		{55AAE055-20C6-4996-AD38-AD5980584374}.Debug|x64.Build.0 = Debug|x64
		{55AAE055-20C6-4996-AD38-AD5980584374}.Debug|x86.ActiveCfg = Debug|Win32
		{55AAE055-20C6-4996-AD38-AD5980584374}.Debug|x86.Build.0 = Debug|Win32
		{55AAE055-20C6-4996-AD38-AD5980584374}.Release|x64.ActiveCfg = Release|x64
		{55AAE055-20C6-4996-AD38-AD5980584374}.Release|x64.Build.0 = Release|x64
		{55AAE055-20C6-4996-AD38-AD5980584374}.Release|x86.ActiveCfg = Release|Win32
		{55AAE055-20C6-4996-AD38-AD5980584374}.Release|x86.Build.0 = Release|Win32
		{6E4D9D9C-1744-41CA-AD38-CF236A740009}.Debug|x64.ActiveCfg = Debug|x64
		{6E4D9D9C-1744-41CA-AD38-CF236A740009}.Debug|x64.Build.0 = Debug|x64
		{6E4D9D9C-1744-41CA-AD38-CF236A740009}.Debug|x86.ActiveCfg = Debug|Win32
		{6E4D9D9C-1744-41CA-AD38-CF236A740009}.Debug|x86.Build.0 = Debug|Win32
		{6E4D9D9C-1744-41CA-AD38-CF236A740009}.Release|x64.ActiveCfg = Release|x64
		{6E4D9D9C-1744-41CA-AD38-CF236A740009}.Release|x64.Build.0 = Release|x64
		{6E4D9D9C-1744-41CA-AD38-CF236A740009}.Release|x86.ActiveCfg = Release|Win32
		{6E4D9D9C-1744-41CA-AD38-CF236A740009}.Release|x86.Build.0 = Release|Win32
		{F1F1A44B-5C15-485E-8940-A60384075502}.Debug|x64.ActiveCfg = Debug|x64
		{F1F1A44B-5C15-485E-8940-A60384075502}.Debug|x64.Build.0 = Debug|x64
		{F1F1A44B-5C15-485E-8940-A60384075502}.Debug|x86.ActiveCfg = Debug|Win32
		{F1F1A44B-5C15-485E-8940-A60384075502}.Debug|x86.Build.0 = Debug|Win32
		{F1F1A44B-5C15-485E-8940-A60384075502}.Release|x64.ActiveCfg = Release|x64
		{F1F1A44B-5C15-485E-8940-A60384075502}.Release|x64.Build.0 = Release|x64
		{F1F1A44B-5C15-485E-8940-A60384075502}.Release|x86.ActiveCfg = Release|Win32
		{F1F1A44B-5C15-485E-8940-A60384075502}.Release|x86.Build.0 = Release|Win32
		{25BBCC98-CEC8-4EDA-B9AE-FBA489F52952}.Debug|x64.ActiveCfg = Debug|x64
		{25BBCC98-CEC8-4EDA-B9AE-FBA489F52952}.Debug|x64.Build.0 = Debug|x64
		{25BBCC98-CEC8-4EDA-B9AE-FBA489F52952}.Debug|x86.ActiveCfg = Debug|Win32
		{25BBCC98-CEC8-4EDA-B9AE-FBA489F52952}.Debug|x86.Build.0 = Debug|Win32
		{25BBCC98-CEC8-4EDA-B9AE-FBA489F52952}.Release|x64.ActiveCfg = Release|x64
		{25BBCC98-CEC8-4EDA-B9AE-FBA489F52952}.Release|x64.Build.0 = Release|x64
		{25BBCC98-CEC8-4EDA-B9AE-FBA489F52952}.Release|x86.ActiveCfg = Release|Win32
		{25BBCC98-CEC8-4EDA-B9AE-FBA489F52952}.Release|x86.Build.0 = Release|Win32
	EndGlobalSection
	GlobalSection(SolutionProperties) = preSolution
		HideSolutionNode = FALSE
	EndGlobalSection
	GlobalSection(ExtensibilityGlobals) = postSolution
		SolutionGuid = {EC0824A1-C17B-446B-9FCF-5A785D841D8A}
	EndGlobalSection
EndGlobal
