<?xml version="1.0" encoding="utf-8"?>
<Project ToolsVersion="4.0" xmlns="http://schemas.microsoft.com/developer/msbuild/2003">
  <ItemGroup>
    <Filter Include="Source Files">
      <UniqueIdentifier>{4FC737F1-C7A5-4376-A066-2A32D752A2FF}</UniqueIdentifier>
      <Extensions>cpp;c;cc;cxx;c++;cppm;ixx;def;odl;idl;hpj;bat;asm;asmx</Extensions>
    </Filter>
    <Filter Include="Header Files">
      <UniqueIdentifier>{93995380-89BD-4b04-88EB-625FBE52EBFB}</UniqueIdentifier>
      <Extensions>h;hh;hpp;hxx;h++;hm;inl;inc;ipp;xsd</Extensions>
    </Filter>
    <Filter Include="Resource Files">
      <UniqueIdentifier>{67DA6AB6-F800-4c08-8B7A-83BB121AAD01}</UniqueIdentifier>
      <Extensions>rc;ico;cur;bmp;dlg;rc2;rct;bin;rgs;gif;jpg;jpeg;jpe;resx;tiff;tif;png;wav;mfcribbon-ms</Extensions>
    </Filter>
    <Filter Include="Header Files\avatar">
      <UniqueIdentifier>{f3e092a9-6a06-4ff3-81b4-563e284aa0b4}</UniqueIdentifier>
    </Filter>
    <Filter Include="Header Files\avatar\core">
      <UniqueIdentifier>{5e574450-ad04-45c2-8855-db9a1e3937d8}</UniqueIdentifier>
    </Filter>
    <Filter Include="Header Files\avatar\interfaces">
      <UniqueIdentifier>{28d2a19b-5454-41fa-96ea-49e89ae751b8}</UniqueIdentifier>
    </Filter>
    <Filter Include="Header Files\avatar\platforms">
      <UniqueIdentifier>{21a88e1e-b27c-4bba-bc16-7d28a4120486}</UniqueIdentifier>
    </Filter>
    <Filter Include="Source Files\interfaces">
      <UniqueIdentifier>{de1b92bb-d67a-4a26-a463-afb3e5a815cc}</UniqueIdentifier>
    </Filter>
    <Filter Include="Header Files\avatar\renderers">
      <UniqueIdentifier>{309dfb4d-05af-42d0-8aac-14e74083c65a}</UniqueIdentifier>
    </Filter>
  </ItemGroup>
  <ItemGroup>
    <ClInclude Include="includes\avatar\core\color.hpp">
      <Filter>Header Files\avatar\core</Filter>
    </ClInclude>
    <ClInclude Include="includes\avatar\core\interface.hpp">
      <Filter>Header Files\avatar\core</Filter>
    </ClInclude>
    <ClInclude Include="includes\avatar\core\level.hpp">
      <Filter>Header Files\avatar\core</Filter>
    </ClInclude>
    <ClInclude Include="includes\avatar\core\scene.hpp">
      <Filter>Header Files\avatar\core</Filter>
    </ClInclude>
    <ClInclude Include="includes\avatar\interfaces\noop.hpp">
      <Filter>Header Files\avatar\interfaces</Filter>
    </ClInclude>
    <ClInclude Include="includes\avatar\platforms\winrt.hpp">
      <Filter>Header Files\avatar\platforms</Filter>
    </ClInclude>
    <ClInclude Include="includes\avatar\renderers\directx12.hpp">
      <Filter>Header Files\avatar\renderers</Filter>
    </ClInclude>
    <ClInclude Include="includes\avatar\interfaces\windx12.hpp">
      <Filter>Header Files\avatar\interfaces</Filter>
    </ClInclude>
  </ItemGroup>
  <ItemGroup>
    <ClCompile Include="src\interfaces\noop.cpp">
      <Filter>Source Files\interfaces</Filter>
    </ClCompile>
    <ClCompile Include="src\interfaces\windx12.cpp">
      <Filter>Source Files\interfaces</Filter>
    </ClCompile>
  </ItemGroup>
</Project>